<?xml version="1.0" encoding="utf-8"?>
<Project ToolsVersion="4.0" xmlns="http://schemas.microsoft.com/developer/msbuild/2003">
  <ItemGroup>
    <Filter Include="Source Files">
      <UniqueIdentifier>{4FC737F1-C7A5-4376-A066-2A32D752A2FF}</UniqueIdentifier>
      <Extensions>cpp;c;cc;cxx;c++;cppm;ixx;def;odl;idl;hpj;bat;asm;asmx</Extensions>
    </Filter>
    <Filter Include="Header Files">
      <UniqueIdentifier>{93995380-89BD-4b04-88EB-625FBE52EBFB}</UniqueIdentifier>
      <Extensions>h;hh;hpp;hxx;h++;hm;inl;inc;ipp;xsd</Extensions>
    </Filter>
    <Filter Include="Resource Files">
      <UniqueIdentifier>{67DA6AB6-F800-4c08-8B7A-83BB121AAD01}</UniqueIdentifier>
      <Extensions>rc;ico;cur;bmp;dlg;rc2;rct;bin;rgs;gif;jpg;jpeg;jpe;resx;tiff;tif;png;wav;mfcribbon-ms</Extensions>
    </Filter>
    <Filter Include="Header Files\Loaders">
      <UniqueIdentifier>{2729144e-3522-42e3-bcdb-7a0b97e04926}</UniqueIdentifier>
    </Filter>
    <Filter Include="Header Files\Loaders\Abstract">
      <UniqueIdentifier>{52cfb179-d962-43ea-9406-7192a65010af}</UniqueIdentifier>
    </Filter>
    <Filter Include="Header Files\SchemaSystem">
      <UniqueIdentifier>{a61e5e63-a41c-4799-a83a-54878073946f}</UniqueIdentifier>
    </Filter>
    <Filter Include="Header Files\Memory">
      <UniqueIdentifier>{6aef9a8b-7721-40ed-b0d3-f8b66cab58cf}</UniqueIdentifier>
    </Filter>
    <Filter Include="Source Files\Memory">
      <UniqueIdentifier>{b6bdb8f6-d1b2-44a5-bf52-861c6ebdb267}</UniqueIdentifier>
    </Filter>
    <Filter Include="Header Files\SchemaManager">
      <UniqueIdentifier>{bc6f728a-1943-4486-bebc-48ebd6046bde}</UniqueIdentifier>
    </Filter>
    <Filter Include="Header Files\Core">
      <UniqueIdentifier>{1bc7e008-0e00-418b-89c4-612c23783730}</UniqueIdentifier>
    </Filter>
  </ItemGroup>
  <ItemGroup>
    <ClCompile Include="main.cpp">
      <Filter>Source Files</Filter>
    </ClCompile>
    <ClCompile Include="SchemaLoadingHandler.cpp">
      <Filter>Source Files</Filter>
    </ClCompile>
    <ClCompile Include="Memory.cpp">
      <Filter>Source Files</Filter>
    </ClCompile>
    <ClCompile Include="memory\PtrCheck.cpp">
      <Filter>Source Files\Memory</Filter>
    </ClCompile>
  </ItemGroup>
  <ItemGroup>
    <ClInclude Include="Memory.hpp">
      <Filter>Header Files</Filter>
    </ClInclude>
    <ClInclude Include="SchemaLoadingHandler.hpp">
      <Filter>Header Files</Filter>
    </ClInclude>
    <ClInclude Include="BaseLoader.hpp">
      <Filter>Header Files\Loaders\Abstract</Filter>
    </ClInclude>
    <ClInclude Include="loaders\AnimationSystemSchemaLoader.hpp">
      <Filter>Header Files\Loaders</Filter>
    </ClInclude>
    <ClInclude Include="loaders\ClientSchemaLoader.hpp">
      <Filter>Header Files\Loaders</Filter>
    </ClInclude>
    <ClInclude Include="loaders\Engine2SchemaLoader.hpp">
      <Filter>Header Files\Loaders</Filter>
    </ClInclude>
    <ClInclude Include="loaders\FileSystemStdioSchemaLoader.hpp">
      <Filter>Header Files\Loaders</Filter>
    </ClInclude>
    <ClInclude Include="loaders\HostSchemaLoader.hpp">
      <Filter>Header Files\Loaders</Filter>
    </ClInclude>
    <ClInclude Include="loaders\ImeManagerSchemaLoader.hpp">
      <Filter>Header Files\Loaders</Filter>
    </ClInclude>
    <ClInclude Include="loaders\InputSystemSchemaLoader.hpp">
      <Filter>Header Files\Loaders</Filter>
    </ClInclude>
    <ClInclude Include="loaders\LocalizeSchemaLoader.hpp">
      <Filter>Header Files\Loaders</Filter>
    </ClInclude>
    <ClInclude Include="loaders\MatchMakingSchemaLoader.hpp">
      <Filter>Header Files\Loaders</Filter>
    </ClInclude>
    <ClInclude Include="loaders\MaterialSystem2SchemaLoader.hpp">
      <Filter>Header Files\Loaders</Filter>
    </ClInclude>
    <ClInclude Include="loaders\MeshSystemSchemaLoader.hpp">
      <Filter>Header Files\Loaders</Filter>
    </ClInclude>
    <ClInclude Include="loaders\NavSystemSchemaLoader.hpp">
      <Filter>Header Files\Loaders</Filter>
    </ClInclude>
    <ClInclude Include="loaders\NetworkSystemSchemaLoader.hpp">
      <Filter>Header Files\Loaders</Filter>
    </ClInclude>
    <ClInclude Include="loaders\PanoramaSchemaLoader.hpp">
      <Filter>Header Files\Loaders</Filter>
    </ClInclude>
    <ClInclude Include="loaders\PanoramaUiClientSchemaLoader.hpp">
      <Filter>Header Files\Loaders</Filter>
    </ClInclude>
    <ClInclude Include="loaders\ParticlesSchemaLoader.hpp">
      <Filter>Header Files\Loaders</Filter>
    </ClInclude>
    <ClInclude Include="loaders\PulseSystemSchemaLoader.hpp">
      <Filter>Header Files\Loaders</Filter>
    </ClInclude>
    <ClInclude Include="loaders\RenderSystemDx11SchemaLoader.hpp">
      <Filter>Header Files\Loaders</Filter>
    </ClInclude>
    <ClInclude Include="loaders\ResourceSystemSchemaLoader.hpp">
      <Filter>Header Files\Loaders</Filter>
    </ClInclude>
    <ClInclude Include="loaders\SceneFileCacheSchemaLoader.hpp">
      <Filter>Header Files\Loaders</Filter>
    </ClInclude>
    <ClInclude Include="loaders\SceneSystemSchemaLoader.hpp">
      <Filter>Header Files\Loaders</Filter>
    </ClInclude>
    <ClInclude Include="loaders\SchemaLoaders.hpp">
      <Filter>Header Files\Loaders</Filter>
    </ClInclude>
    <ClInclude Include="loaders\ServerSchemaLoader.hpp">
      <Filter>Header Files\Loaders</Filter>
    </ClInclude>
    <ClInclude Include="loaders\SoundSystemSchemaLoader.hpp">
      <Filter>Header Files\Loaders</Filter>
    </ClInclude>
    <ClInclude Include="loaders\SteamAudioSchemaLoader.hpp">
      <Filter>Header Files\Loaders</Filter>
    </ClInclude>
    <ClInclude Include="loaders\V8SystemSchemaLoader.hpp">
      <Filter>Header Files\Loaders</Filter>
    </ClInclude>
    <ClInclude Include="loaders\VPhysics2SchemaLoader.hpp">
      <Filter>Header Files\Loaders</Filter>
    </ClInclude>
    <ClInclude Include="loaders\VScriptSchemaLoader.hpp">
      <Filter>Header Files\Loaders</Filter>
    </ClInclude>
    <ClInclude Include="loaders\WorldRendererSchemaLoader.hpp">
      <Filter>Header Files\Loaders</Filter>
    </ClInclude>
    <ClInclude Include="memory\PtrCheck.h">
      <Filter>Header Files\Memory</Filter>
    </ClInclude>
    <ClInclude Include="schema-class\CSchemaClass.hpp">
      <Filter>Header Files\SchemaSystem</Filter>
    </ClInclude>
    <ClInclude Include="schema-class\CSchemaDeclaredClass.hpp">
      <Filter>Header Files\SchemaSystem</Filter>
    </ClInclude>
    <ClInclude Include="schema-class\CSchemaDeclaredClassEntry.hpp">
      <Filter>Header Files\SchemaSystem</Filter>
    </ClInclude>
    <ClInclude Include="schema-class\CSchemaDeclaredEnum.hpp">
      <Filter>Header Files\SchemaSystem</Filter>
    </ClInclude>
    <ClInclude Include="schema-class\CSchemaFieldType.hpp">
      <Filter>Header Files\SchemaSystem</Filter>
    </ClInclude>
    <ClInclude Include="schema-class\CSchemaField.hpp">
      <Filter>Header Files\SchemaSystem</Filter>
    </ClInclude>
    <ClInclude Include="schema-class\CSchemaHelper.hpp">
      <Filter>Header Files\SchemaSystem</Filter>
    </ClInclude>
    <ClInclude Include="schema-class\CSchemaSystem.h">
      <Filter>Header Files\SchemaSystem</Filter>
    </ClInclude>
    <ClInclude Include="schema-class\CSchemaSystemTypeScope.hpp">
      <Filter>Header Files\SchemaSystem</Filter>
    </ClInclude>
    <ClInclude Include="SchemaClassInclude.hpp">
      <Filter>Header Files</Filter>
    </ClInclude>
    <ClInclude Include="CGlobalLoader.hpp">
      <Filter>Header Files</Filter>
    </ClInclude>
    <ClInclude Include="core\CLogService.hpp">
      <Filter>Header Files\Core</Filter>
    </ClInclude>
    <ClInclude Include="CSchemaDumper.hpp">
      <Filter>Header Files\SchemaManager</Filter>
    </ClInclude>
    <ClInclude Include="schema-manager\CSchemaManager.hpp">
      <Filter>Header Files\SchemaManager</Filter>
    </ClInclude>
    <ClInclude Include="schema-manager\CSchemaManagerClass.hpp">
      <Filter>Header Files\SchemaManager</Filter>
    </ClInclude>
    <ClInclude Include="schema-manager\CSchemaManagerField.hpp">
      <Filter>Header Files\SchemaManager</Filter>
    </ClInclude>
    <ClInclude Include="schema-manager\CSchemaManagerModule.hpp">
      <Filter>Header Files\SchemaManager</Filter>
    </ClInclude>
    <ClInclude Include="schema-manager\CTypedSchemManagerGenerator.hpp">
      <Filter>Header Files\SchemaManager</Filter>
    </ClInclude>
  </ItemGroup>
</Project>