<?xml version="1.0" encoding="utf-8"?>
<Project ToolsVersion="4.0" xmlns="http://schemas.microsoft.com/developer/msbuild/2003">
  <ItemGroup>
    <Filter Include="Source Files">
      <UniqueIdentifier>{4FC737F1-C7A5-4376-A066-2A32D752A2FF}</UniqueIdentifier>
      <Extensions>cpp;c;cc;cxx;c++;cppm;ixx;def;odl;idl;hpj;bat;asm;asmx</Extensions>
    </Filter>
    <Filter Include="Header Files">
      <UniqueIdentifier>{93995380-89BD-4b04-88EB-625FBE52EBFB}</UniqueIdentifier>
      <Extensions>h;hh;hpp;hxx;h++;hm;inl;inc;ipp;xsd</Extensions>
    </Filter>
    <Filter Include="Resource Files">
      <UniqueIdentifier>{67DA6AB6-F800-4c08-8B7A-83BB121AAD01}</UniqueIdentifier>
      <Extensions>rc;ico;cur;bmp;dlg;rc2;rct;bin;rgs;gif;jpg;jpeg;jpe;resx;tiff;tif;png;wav;mfcribbon-ms</Extensions>
    </Filter>
    <Filter Include="Header Files\Loaders">
      <UniqueIdentifier>{2729144e-3522-42e3-bcdb-7a0b97e04926}</UniqueIdentifier>
    </Filter>
  </ItemGroup>
  <ItemGroup>
    <ClCompile Include="main.cpp">
      <Filter>Source Files</Filter>
    </ClCompile>
    <ClCompile Include="ParticlesSchemaLoader.hpp">
      <Filter>Header Files\Loaders</Filter>
    </ClCompile>
    <ClCompile Include="PanoramaUiClientSchemaLoader.hpp">
      <Filter>Header Files\Loaders</Filter>
    </ClCompile>
    <ClCompile Include="V8SystemSchemaLoader.hpp">
      <Filter>Header Files\Loaders</Filter>
    </ClCompile>
    <ClCompile Include="HostSchemaLoader.hpp">
      <Filter>Header Files\Loaders</Filter>
    </ClCompile>
    <ClCompile Include="SceneFileCacheSchemaLoader.hpp">
      <Filter>Header Files\Loaders</Filter>
    </ClCompile>
    <ClCompile Include="NavSystemSchemaLoader.hpp">
      <Filter>Header Files\Loaders</Filter>
    </ClCompile>
  </ItemGroup>
  <ItemGroup>
    <ClInclude Include="memory.h">
      <Filter>Header Files</Filter>
    </ClInclude>
    <ClInclude Include="CSchemaSystem.h">
      <Filter>Header Files</Filter>
    </ClInclude>
    <ClInclude Include="SchemaLoader.hpp">
      <Filter>Header Files</Filter>
    </ClInclude>
    <ClInclude Include="ClientSchemaLoader.hpp">
      <Filter>Header Files\Loaders</Filter>
    </ClInclude>
    <ClInclude Include="Engine2SchemaLoader.hpp">
      <Filter>Header Files\Loaders</Filter>
    </ClInclude>
    <ClInclude Include="ServerSchemaLoader.hpp">
      <Filter>Header Files\Loaders</Filter>
    </ClInclude>
    <ClInclude Include="FileSystemStdioSchemaLoader.hpp">
      <Filter>Header Files\Loaders</Filter>
    </ClInclude>
    <ClInclude Include="AllLoader.hpp">
      <Filter>Header Files\Loaders</Filter>
    </ClInclude>
    <ClInclude Include="InputSystemSchemaLoader.hpp">
      <Filter>Header Files\Loaders</Filter>
    </ClInclude>
    <ClInclude Include="ImeManagerSchemaLoader.hpp">
      <Filter>Header Files\Loaders</Filter>
    </ClInclude>
    <ClInclude Include="BaseLoader.hpp">
      <Filter>Header Files</Filter>
    </ClInclude>
    <ClInclude Include="GenericLoader.hpp">
      <Filter>Header Files</Filter>
    </ClInclude>
    <ClInclude Include="LocalizeSchemaLoader.hpp">
      <Filter>Header Files\Loaders</Filter>
    </ClInclude>
    <ClInclude Include="RenderSystemDx11SchemaLoader.hpp">
      <Filter>Header Files\Loaders</Filter>
    </ClInclude>
    <ClInclude Include="ResourceSystemSchemaLoader.hpp">
      <Filter>Header Files\Loaders</Filter>
    </ClInclude>
    <ClInclude Include="MeshSystemSchemaLoader.hpp">
      <Filter>Header Files\Loaders</Filter>
    </ClInclude>
    <ClInclude Include="MaterialSystem2SchemaLoader.hpp">
      <Filter>Header Files\Loaders</Filter>
    </ClInclude>
    <ClInclude Include="WorldRendererSchemaLoader.hpp">
      <Filter>Header Files\Loaders</Filter>
    </ClInclude>
    <ClInclude Include="VScriptSchemaLoader.hpp">
      <Filter>Header Files\Loaders</Filter>
    </ClInclude>
    <ClInclude Include="PulseSystemSchemaLoader.hpp">
      <Filter>Header Files\Loaders</Filter>
    </ClInclude>
    <ClInclude Include="NetworkSystemSchemaLoader.hpp">
      <Filter>Header Files\Loaders</Filter>
    </ClInclude>
    <ClInclude Include="VPhysics2SchemaLoader.hpp">
      <Filter>Header Files\Loaders</Filter>
    </ClInclude>
    <ClInclude Include="AnimationSystemSchemaLoader.hpp">
      <Filter>Header Files\Loaders</Filter>
    </ClInclude>
    <ClInclude Include="SoundSystemSchemaLoader.hpp">
      <Filter>Header Files\Loaders</Filter>
    </ClInclude>
    <ClInclude Include="SteamAudioSchemaLoader.hpp">
      <Filter>Header Files\Loaders</Filter>
    </ClInclude>
    <ClInclude Include="SceneSystemSchemaLoader.hpp">
      <Filter>Header Files\Loaders</Filter>
    </ClInclude>
    <ClInclude Include="PanoramaSchemaLoader.hpp">
      <Filter>Header Files\Loaders</Filter>
    </ClInclude>
    <ClInclude Include="MatchMakingSchemaLoader.hpp">
      <Filter>Header Files\Loaders</Filter>
    </ClInclude>
  </ItemGroup>
</Project>